
Microsoft Visual Studio Solution File, Format Version 12.00
# Visual Studio Version 17
VisualStudioVersion = 17.6.33801.468
MinimumVisualStudioVersion = 10.0.40219.1
Project("{FAE04EC0-301F-11D3-BF4B-00C04F79EFBC}") = "Esercizio-2-LINQ--.NET", "Esercizio-2-LINQ--.NET\Esercizio-2-LINQ--.NET.csproj", "{C8B827A7-EB44-4E69-A5C7-50DCCBDBA565}"
EndProject
Global
	GlobalSection(SolutionConfigurationPlatforms) = preSolution
		Debug|Any CPU = Debug|Any CPU
		Release|Any CPU = Release|Any CPU
	EndGlobalSection
	GlobalSection(ProjectConfigurationPlatforms) = postSolution
		{C8B827A7-EB44-4E69-A5C7-50DCCBDBA565}.Debug|Any CPU.ActiveCfg = Debug|Any CPU
		{C8B827A7-EB44-4E69-A5C7-50DCCBDBA565}.Debug|Any CPU.Build.0 = Debug|Any CPU
		{C8B827A7-EB44-4E69-A5C7-50DCCBDBA565}.Release|Any CPU.ActiveCfg = Release|Any CPU
		{C8B827A7-EB44-4E69-A5C7-50DCCBDBA565}.Release|Any CPU.Build.0 = Release|Any CPU
	EndGlobalSection
	GlobalSection(SolutionProperties) = preSolution
		HideSolutionNode = FALSE
	EndGlobalSection
	GlobalSection(ExtensibilityGlobals) = postSolution
		SolutionGuid = {F06D0016-288A-4DE9-B981-03D9E5111DF0}
	EndGlobalSection
EndGlobal
